// !$*UTF8*$!
{
	archiveVersion = 1;
	classes = {
	};
	objectVersion = 55;
	objects = {

/* Begin PBXBuildFile section */
		8A33CE252721743400E7E49B /* LyricViewController.swift in Sources */ = {isa = PBXBuildFile; fileRef = 8A33CE242721743400E7E49B /* LyricViewController.swift */; };
		8A33CE2727217B8000E7E49B /* ForGetLyricInApiMusixMatch.swift in Sources */ = {isa = PBXBuildFile; fileRef = 8A33CE2627217B8000E7E49B /* ForGetLyricInApiMusixMatch.swift */; };
		8A3DB0AF2726FDC600E1B6C2 /* DebouncerAPIRecuest.swift in Sources */ = {isa = PBXBuildFile; fileRef = 8A3DB0AE2726FDC600E1B6C2 /* DebouncerAPIRecuest.swift */; };
		8A48ABE2271D7C1000E59026 /* ForSearchInApiMusixMatch.swift in Sources */ = {isa = PBXBuildFile; fileRef = 8A48ABE1271D7C1000E59026 /* ForSearchInApiMusixMatch.swift */; };
		8A49CA312716F07000870F9B /* TrackData.swift in Sources */ = {isa = PBXBuildFile; fileRef = 8A49CA302716F07000870F9B /* TrackData.swift */; };
		8A4FB8CC273885F0009EA283 /* XMLParserForSearch.swift in Sources */ = {isa = PBXBuildFile; fileRef = 8A4FB8CB273885F0009EA283 /* XMLParserForSearch.swift */; };
		8A4FB8CE273887E1009EA283 /* JSONParser.swift in Sources */ = {isa = PBXBuildFile; fileRef = 8A4FB8CD273887E1009EA283 /* JSONParser.swift */; };
		8A4FB8D027389FB0009EA283 /* XMLParserForGetLyric.swift in Sources */ = {isa = PBXBuildFile; fileRef = 8A4FB8CF27389FB0009EA283 /* XMLParserForGetLyric.swift */; };
		8A5BFC802732CA3000472802 /* ModelObjectSearch.swift in Sources */ = {isa = PBXBuildFile; fileRef = 8A5BFC7F2732CA3000472802 /* ModelObjectSearch.swift */; };
		8A6746812760DD7500A5A0C8 /* ModelObjectSearchForAPIChartLyric.swift in Sources */ = {isa = PBXBuildFile; fileRef = 8A6746802760DD7500A5A0C8 /* ModelObjectSearchForAPIChartLyric.swift */; };
		8A6746832760DDEF00A5A0C8 /* ModelObjectSearchForAPIMusixMatch.swift in Sources */ = {isa = PBXBuildFile; fileRef = 8A6746822760DDEF00A5A0C8 /* ModelObjectSearchForAPIMusixMatch.swift */; };
		8A6746852760DF9700A5A0C8 /* EnumCollections.swift in Sources */ = {isa = PBXBuildFile; fileRef = 8A6746842760DF9700A5A0C8 /* EnumCollections.swift */; };
		8A819F0B2715B04A0045B027 /* AppDelegate.swift in Sources */ = {isa = PBXBuildFile; fileRef = 8A819F0A2715B04A0045B027 /* AppDelegate.swift */; };
		8A819F0D2715B04A0045B027 /* SceneDelegate.swift in Sources */ = {isa = PBXBuildFile; fileRef = 8A819F0C2715B04A0045B027 /* SceneDelegate.swift */; };
		8A819F0F2715B04A0045B027 /* SongLyricsMainViewController.swift in Sources */ = {isa = PBXBuildFile; fileRef = 8A819F0E2715B04A0045B027 /* SongLyricsMainViewController.swift */; };
		8A819F122715B04A0045B027 /* Main.storyboard in Resources */ = {isa = PBXBuildFile; fileRef = 8A819F102715B04A0045B027 /* Main.storyboard */; };
		8A819F142715B04B0045B027 /* Assets.xcassets in Resources */ = {isa = PBXBuildFile; fileRef = 8A819F132715B04B0045B027 /* Assets.xcassets */; };
		8A819F172715B04B0045B027 /* LaunchScreen.storyboard in Resources */ = {isa = PBXBuildFile; fileRef = 8A819F152715B04B0045B027 /* LaunchScreen.storyboard */; };
		8A819F222715B04B0045B027 /* SongLyricsTests.swift in Sources */ = {isa = PBXBuildFile; fileRef = 8A819F212715B04B0045B027 /* SongLyricsTests.swift */; };
		8A819F2C2715B04B0045B027 /* SongLyricsUITests.swift in Sources */ = {isa = PBXBuildFile; fileRef = 8A819F2B2715B04B0045B027 /* SongLyricsUITests.swift */; };
		8A819F2E2715B04B0045B027 /* SongLyricsUITestsLaunchTests.swift in Sources */ = {isa = PBXBuildFile; fileRef = 8A819F2D2715B04B0045B027 /* SongLyricsUITestsLaunchTests.swift */; };
		8A9B73F627184AFA00934786 /* APIManager.swift in Sources */ = {isa = PBXBuildFile; fileRef = 8A9B73F527184AFA00934786 /* APIManager.swift */; };
/* End PBXBuildFile section */

/* Begin PBXContainerItemProxy section */
		8A819F1E2715B04B0045B027 /* PBXContainerItemProxy */ = {
			isa = PBXContainerItemProxy;
			containerPortal = 8A819EFF2715B04A0045B027 /* Project object */;
			proxyType = 1;
			remoteGlobalIDString = 8A819F062715B04A0045B027;
			remoteInfo = SongLyrics;
		};
		8A819F282715B04B0045B027 /* PBXContainerItemProxy */ = {
			isa = PBXContainerItemProxy;
			containerPortal = 8A819EFF2715B04A0045B027 /* Project object */;
			proxyType = 1;
			remoteGlobalIDString = 8A819F062715B04A0045B027;
			remoteInfo = SongLyrics;
		};
/* End PBXContainerItemProxy section */

/* Begin PBXFileReference section */
		8A33CE242721743400E7E49B /* LyricViewController.swift */ = {isa = PBXFileReference; lastKnownFileType = sourcecode.swift; path = LyricViewController.swift; sourceTree = "<group>"; };
		8A33CE2627217B8000E7E49B /* ForGetLyricInApiMusixMatch.swift */ = {isa = PBXFileReference; lastKnownFileType = sourcecode.swift; path = ForGetLyricInApiMusixMatch.swift; sourceTree = "<group>"; };
		8A3DB0AE2726FDC600E1B6C2 /* DebouncerAPIRecuest.swift */ = {isa = PBXFileReference; lastKnownFileType = sourcecode.swift; path = DebouncerAPIRecuest.swift; sourceTree = "<group>"; };
		8A48ABE1271D7C1000E59026 /* ForSearchInApiMusixMatch.swift */ = {isa = PBXFileReference; lastKnownFileType = sourcecode.swift; path = ForSearchInApiMusixMatch.swift; sourceTree = "<group>"; };
		8A49CA302716F07000870F9B /* TrackData.swift */ = {isa = PBXFileReference; lastKnownFileType = sourcecode.swift; path = TrackData.swift; sourceTree = "<group>"; };
		8A4FB8CB273885F0009EA283 /* XMLParserForSearch.swift */ = {isa = PBXFileReference; lastKnownFileType = sourcecode.swift; path = XMLParserForSearch.swift; sourceTree = "<group>"; };
		8A4FB8CD273887E1009EA283 /* JSONParser.swift */ = {isa = PBXFileReference; lastKnownFileType = sourcecode.swift; path = JSONParser.swift; sourceTree = "<group>"; };
		8A4FB8CF27389FB0009EA283 /* XMLParserForGetLyric.swift */ = {isa = PBXFileReference; lastKnownFileType = sourcecode.swift; path = XMLParserForGetLyric.swift; sourceTree = "<group>"; };
		8A5BFC7F2732CA3000472802 /* ModelObjectSearch.swift */ = {isa = PBXFileReference; lastKnownFileType = sourcecode.swift; path = ModelObjectSearch.swift; sourceTree = "<group>"; };
		8A6746802760DD7500A5A0C8 /* ModelObjectSearchForAPIChartLyric.swift */ = {isa = PBXFileReference; lastKnownFileType = sourcecode.swift; path = ModelObjectSearchForAPIChartLyric.swift; sourceTree = "<group>"; };
		8A6746822760DDEF00A5A0C8 /* ModelObjectSearchForAPIMusixMatch.swift */ = {isa = PBXFileReference; lastKnownFileType = sourcecode.swift; path = ModelObjectSearchForAPIMusixMatch.swift; sourceTree = "<group>"; };
		8A6746842760DF9700A5A0C8 /* EnumCollections.swift */ = {isa = PBXFileReference; lastKnownFileType = sourcecode.swift; path = EnumCollections.swift; sourceTree = "<group>"; };
		8A819F072715B04A0045B027 /* SongLyrics.app */ = {isa = PBXFileReference; explicitFileType = wrapper.application; includeInIndex = 0; path = SongLyrics.app; sourceTree = BUILT_PRODUCTS_DIR; };
		8A819F0A2715B04A0045B027 /* AppDelegate.swift */ = {isa = PBXFileReference; lastKnownFileType = sourcecode.swift; path = AppDelegate.swift; sourceTree = "<group>"; };
		8A819F0C2715B04A0045B027 /* SceneDelegate.swift */ = {isa = PBXFileReference; lastKnownFileType = sourcecode.swift; path = SceneDelegate.swift; sourceTree = "<group>"; };
		8A819F0E2715B04A0045B027 /* SongLyricsMainViewController.swift */ = {isa = PBXFileReference; lastKnownFileType = sourcecode.swift; path = SongLyricsMainViewController.swift; sourceTree = "<group>"; };
		8A819F112715B04A0045B027 /* Base */ = {isa = PBXFileReference; lastKnownFileType = file.storyboard; name = Base; path = Base.lproj/Main.storyboard; sourceTree = "<group>"; };
		8A819F132715B04B0045B027 /* Assets.xcassets */ = {isa = PBXFileReference; lastKnownFileType = folder.assetcatalog; path = Assets.xcassets; sourceTree = "<group>"; };
		8A819F162715B04B0045B027 /* Base */ = {isa = PBXFileReference; lastKnownFileType = file.storyboard; name = Base; path = Base.lproj/LaunchScreen.storyboard; sourceTree = "<group>"; };
		8A819F182715B04B0045B027 /* Info.plist */ = {isa = PBXFileReference; lastKnownFileType = text.plist.xml; path = Info.plist; sourceTree = "<group>"; };
		8A819F1D2715B04B0045B027 /* SongLyricsTests.xctest */ = {isa = PBXFileReference; explicitFileType = wrapper.cfbundle; includeInIndex = 0; path = SongLyricsTests.xctest; sourceTree = BUILT_PRODUCTS_DIR; };
		8A819F212715B04B0045B027 /* SongLyricsTests.swift */ = {isa = PBXFileReference; lastKnownFileType = sourcecode.swift; path = SongLyricsTests.swift; sourceTree = "<group>"; };
		8A819F272715B04B0045B027 /* SongLyricsUITests.xctest */ = {isa = PBXFileReference; explicitFileType = wrapper.cfbundle; includeInIndex = 0; path = SongLyricsUITests.xctest; sourceTree = BUILT_PRODUCTS_DIR; };
		8A819F2B2715B04B0045B027 /* SongLyricsUITests.swift */ = {isa = PBXFileReference; lastKnownFileType = sourcecode.swift; path = SongLyricsUITests.swift; sourceTree = "<group>"; };
		8A819F2D2715B04B0045B027 /* SongLyricsUITestsLaunchTests.swift */ = {isa = PBXFileReference; lastKnownFileType = sourcecode.swift; path = SongLyricsUITestsLaunchTests.swift; sourceTree = "<group>"; };
		8A9B73F527184AFA00934786 /* APIManager.swift */ = {isa = PBXFileReference; lastKnownFileType = sourcecode.swift; path = APIManager.swift; sourceTree = "<group>"; };
/* End PBXFileReference section */

/* Begin PBXFrameworksBuildPhase section */
		8A819F042715B04A0045B027 /* Frameworks */ = {
			isa = PBXFrameworksBuildPhase;
			buildActionMask = 2147483647;
			files = (
			);
			runOnlyForDeploymentPostprocessing = 0;
		};
		8A819F1A2715B04B0045B027 /* Frameworks */ = {
			isa = PBXFrameworksBuildPhase;
			buildActionMask = 2147483647;
			files = (
			);
			runOnlyForDeploymentPostprocessing = 0;
		};
		8A819F242715B04B0045B027 /* Frameworks */ = {
			isa = PBXFrameworksBuildPhase;
			buildActionMask = 2147483647;
			files = (
			);
			runOnlyForDeploymentPostprocessing = 0;
		};
/* End PBXFrameworksBuildPhase section */

/* Begin PBXGroup section */
		8A3E3E5627340F51003F36E0 /* ModelsForParseJsonFiles */ = {
			isa = PBXGroup;
			children = (
				8A33CE2627217B8000E7E49B /* ForGetLyricInApiMusixMatch.swift */,
				8A48ABE1271D7C1000E59026 /* ForSearchInApiMusixMatch.swift */,
			);
			path = ModelsForParseJsonFiles;
			sourceTree = "<group>";
		};
		8A48ABE0271D7B1800E59026 /* Models */ = {
			isa = PBXGroup;
			children = (
				8A9B73F527184AFA00934786 /* APIManager.swift */,
				8A49CA302716F07000870F9B /* TrackData.swift */,
				8A3DB0AE2726FDC600E1B6C2 /* DebouncerAPIRecuest.swift */,
				8A5BFC7F2732CA3000472802 /* ModelObjectSearch.swift */,
				8A6746802760DD7500A5A0C8 /* ModelObjectSearchForAPIChartLyric.swift */,
				8A6746822760DDEF00A5A0C8 /* ModelObjectSearchForAPIMusixMatch.swift */,
				8A6746842760DF9700A5A0C8 /* EnumCollections.swift */,
			);
			path = Models;
			sourceTree = "<group>";
		};
		8A4FB8CA273885C2009EA283 /* Parser */ = {
			isa = PBXGroup;
			children = (
				8A3E3E5627340F51003F36E0 /* ModelsForParseJsonFiles */,
				8A4FB8CB273885F0009EA283 /* XMLParserForSearch.swift */,
				8A4FB8CF27389FB0009EA283 /* XMLParserForGetLyric.swift */,
				8A4FB8CD273887E1009EA283 /* JSONParser.swift */,
			);
			path = Parser;
			sourceTree = "<group>";
		};
		8A79921D271EED8300BDB569 /* ViewControllers */ = {
			isa = PBXGroup;
			children = (
				8A819F0E2715B04A0045B027 /* SongLyricsMainViewController.swift */,
				8A33CE242721743400E7E49B /* LyricViewController.swift */,
			);
			path = ViewControllers;
			sourceTree = "<group>";
		};
		8A819EFE2715B04A0045B027 = {
			isa = PBXGroup;
			children = (
				8A819F092715B04A0045B027 /* SongLyrics */,
				8A819F202715B04B0045B027 /* SongLyricsTests */,
				8A819F2A2715B04B0045B027 /* SongLyricsUITests */,
				8A819F082715B04A0045B027 /* Products */,
			);
			sourceTree = "<group>";
		};
		8A819F082715B04A0045B027 /* Products */ = {
			isa = PBXGroup;
			children = (
				8A819F072715B04A0045B027 /* SongLyrics.app */,
				8A819F1D2715B04B0045B027 /* SongLyricsTests.xctest */,
				8A819F272715B04B0045B027 /* SongLyricsUITests.xctest */,
			);
			name = Products;
			sourceTree = "<group>";
		};
		8A819F092715B04A0045B027 /* SongLyrics */ = {
			isa = PBXGroup;
			children = (
				8A4FB8CA273885C2009EA283 /* Parser */,
				8A79921D271EED8300BDB569 /* ViewControllers */,
				8A48ABE0271D7B1800E59026 /* Models */,
				8A819F0A2715B04A0045B027 /* AppDelegate.swift */,
				8A819F0C2715B04A0045B027 /* SceneDelegate.swift */,
				8A819F102715B04A0045B027 /* Main.storyboard */,
				8A819F132715B04B0045B027 /* Assets.xcassets */,
				8A819F152715B04B0045B027 /* LaunchScreen.storyboard */,
				8A819F182715B04B0045B027 /* Info.plist */,
			);
			path = SongLyrics;
			sourceTree = "<group>";
		};
		8A819F202715B04B0045B027 /* SongLyricsTests */ = {
			isa = PBXGroup;
			children = (
				8A819F212715B04B0045B027 /* SongLyricsTests.swift */,
			);
			path = SongLyricsTests;
			sourceTree = "<group>";
		};
		8A819F2A2715B04B0045B027 /* SongLyricsUITests */ = {
			isa = PBXGroup;
			children = (
				8A819F2B2715B04B0045B027 /* SongLyricsUITests.swift */,
				8A819F2D2715B04B0045B027 /* SongLyricsUITestsLaunchTests.swift */,
			);
			path = SongLyricsUITests;
			sourceTree = "<group>";
		};
/* End PBXGroup section */

/* Begin PBXNativeTarget section */
		8A819F062715B04A0045B027 /* SongLyrics */ = {
			isa = PBXNativeTarget;
			buildConfigurationList = 8A819F312715B04B0045B027 /* Build configuration list for PBXNativeTarget "SongLyrics" */;
			buildPhases = (
				8A819F032715B04A0045B027 /* Sources */,
				8A819F042715B04A0045B027 /* Frameworks */,
				8A819F052715B04A0045B027 /* Resources */,
			);
			buildRules = (
			);
			dependencies = (
			);
			name = SongLyrics;
			productName = SongLyrics;
			productReference = 8A819F072715B04A0045B027 /* SongLyrics.app */;
			productType = "com.apple.product-type.application";
		};
		8A819F1C2715B04B0045B027 /* SongLyricsTests */ = {
			isa = PBXNativeTarget;
			buildConfigurationList = 8A819F342715B04B0045B027 /* Build configuration list for PBXNativeTarget "SongLyricsTests" */;
			buildPhases = (
				8A819F192715B04B0045B027 /* Sources */,
				8A819F1A2715B04B0045B027 /* Frameworks */,
				8A819F1B2715B04B0045B027 /* Resources */,
			);
			buildRules = (
			);
			dependencies = (
				8A819F1F2715B04B0045B027 /* PBXTargetDependency */,
			);
			name = SongLyricsTests;
			productName = SongLyricsTests;
			productReference = 8A819F1D2715B04B0045B027 /* SongLyricsTests.xctest */;
			productType = "com.apple.product-type.bundle.unit-test";
		};
		8A819F262715B04B0045B027 /* SongLyricsUITests */ = {
			isa = PBXNativeTarget;
			buildConfigurationList = 8A819F372715B04B0045B027 /* Build configuration list for PBXNativeTarget "SongLyricsUITests" */;
			buildPhases = (
				8A819F232715B04B0045B027 /* Sources */,
				8A819F242715B04B0045B027 /* Frameworks */,
				8A819F252715B04B0045B027 /* Resources */,
			);
			buildRules = (
			);
			dependencies = (
				8A819F292715B04B0045B027 /* PBXTargetDependency */,
			);
			name = SongLyricsUITests;
			productName = SongLyricsUITests;
			productReference = 8A819F272715B04B0045B027 /* SongLyricsUITests.xctest */;
			productType = "com.apple.product-type.bundle.ui-testing";
		};
/* End PBXNativeTarget section */

/* Begin PBXProject section */
		8A819EFF2715B04A0045B027 /* Project object */ = {
			isa = PBXProject;
			attributes = {
				BuildIndependentTargetsInParallel = 1;
				LastSwiftUpdateCheck = 1300;
				LastUpgradeCheck = 1300;
				TargetAttributes = {
					8A819F062715B04A0045B027 = {
						CreatedOnToolsVersion = 13.0;
					};
					8A819F1C2715B04B0045B027 = {
						CreatedOnToolsVersion = 13.0;
						TestTargetID = 8A819F062715B04A0045B027;
					};
					8A819F262715B04B0045B027 = {
						CreatedOnToolsVersion = 13.0;
						TestTargetID = 8A819F062715B04A0045B027;
					};
				};
			};
			buildConfigurationList = 8A819F022715B04A0045B027 /* Build configuration list for PBXProject "SongLyrics" */;
			compatibilityVersion = "Xcode 13.0";
			developmentRegion = en;
			hasScannedForEncodings = 0;
			knownRegions = (
				en,
				Base,
			);
			mainGroup = 8A819EFE2715B04A0045B027;
			productRefGroup = 8A819F082715B04A0045B027 /* Products */;
			projectDirPath = "";
			projectRoot = "";
			targets = (
				8A819F062715B04A0045B027 /* SongLyrics */,
				8A819F1C2715B04B0045B027 /* SongLyricsTests */,
				8A819F262715B04B0045B027 /* SongLyricsUITests */,
			);
		};
/* End PBXProject section */

/* Begin PBXResourcesBuildPhase section */
		8A819F052715B04A0045B027 /* Resources */ = {
			isa = PBXResourcesBuildPhase;
			buildActionMask = 2147483647;
			files = (
				8A819F172715B04B0045B027 /* LaunchScreen.storyboard in Resources */,
				8A819F142715B04B0045B027 /* Assets.xcassets in Resources */,
				8A819F122715B04A0045B027 /* Main.storyboard in Resources */,
			);
			runOnlyForDeploymentPostprocessing = 0;
		};
		8A819F1B2715B04B0045B027 /* Resources */ = {
			isa = PBXResourcesBuildPhase;
			buildActionMask = 2147483647;
			files = (
			);
			runOnlyForDeploymentPostprocessing = 0;
		};
		8A819F252715B04B0045B027 /* Resources */ = {
			isa = PBXResourcesBuildPhase;
			buildActionMask = 2147483647;
			files = (
			);
			runOnlyForDeploymentPostprocessing = 0;
		};
/* End PBXResourcesBuildPhase section */

/* Begin PBXSourcesBuildPhase section */
		8A819F032715B04A0045B027 /* Sources */ = {
			isa = PBXSourcesBuildPhase;
			buildActionMask = 2147483647;
			files = (
				8A819F0F2715B04A0045B027 /* SongLyricsMainViewController.swift in Sources */,
				8A4FB8CC273885F0009EA283 /* XMLParserForSearch.swift in Sources */,
				8A4FB8CE273887E1009EA283 /* JSONParser.swift in Sources */,
				8A33CE252721743400E7E49B /* LyricViewController.swift in Sources */,
				8A6746852760DF9700A5A0C8 /* EnumCollections.swift in Sources */,
				8A6746812760DD7500A5A0C8 /* ModelObjectSearchForAPIChartLyric.swift in Sources */,
				8A819F0B2715B04A0045B027 /* AppDelegate.swift in Sources */,
				8A819F0D2715B04A0045B027 /* SceneDelegate.swift in Sources */,
				8A49CA312716F07000870F9B /* TrackData.swift in Sources */,
				8A6746832760DDEF00A5A0C8 /* ModelObjectSearchForAPIMusixMatch.swift in Sources */,
				8A4FB8D027389FB0009EA283 /* XMLParserForGetLyric.swift in Sources */,
				8A9B73F627184AFA00934786 /* APIManager.swift in Sources */,
				8A5BFC802732CA3000472802 /* ModelObjectSearch.swift in Sources */,
				8A33CE2727217B8000E7E49B /* ForGetLyricInApiMusixMatch.swift in Sources */,
				8A48ABE2271D7C1000E59026 /* ForSearchInApiMusixMatch.swift in Sources */,
				8A3DB0AF2726FDC600E1B6C2 /* DebouncerAPIRecuest.swift in Sources */,
			);
			runOnlyForDeploymentPostprocessing = 0;
		};
		8A819F192715B04B0045B027 /* Sources */ = {
			isa = PBXSourcesBuildPhase;
			buildActionMask = 2147483647;
			files = (
				8A819F222715B04B0045B027 /* SongLyricsTests.swift in Sources */,
			);
			runOnlyForDeploymentPostprocessing = 0;
		};
		8A819F232715B04B0045B027 /* Sources */ = {
			isa = PBXSourcesBuildPhase;
			buildActionMask = 2147483647;
			files = (
				8A819F2C2715B04B0045B027 /* SongLyricsUITests.swift in Sources */,
				8A819F2E2715B04B0045B027 /* SongLyricsUITestsLaunchTests.swift in Sources */,
			);
			runOnlyForDeploymentPostprocessing = 0;
		};
/* End PBXSourcesBuildPhase section */

/* Begin PBXTargetDependency section */
		8A819F1F2715B04B0045B027 /* PBXTargetDependency */ = {
			isa = PBXTargetDependency;
			target = 8A819F062715B04A0045B027 /* SongLyrics */;
			targetProxy = 8A819F1E2715B04B0045B027 /* PBXContainerItemProxy */;
		};
		8A819F292715B04B0045B027 /* PBXTargetDependency */ = {
			isa = PBXTargetDependency;
			target = 8A819F062715B04A0045B027 /* SongLyrics */;
			targetProxy = 8A819F282715B04B0045B027 /* PBXContainerItemProxy */;
		};
/* End PBXTargetDependency section */

/* Begin PBXVariantGroup section */
		8A819F102715B04A0045B027 /* Main.storyboard */ = {
			isa = PBXVariantGroup;
			children = (
				8A819F112715B04A0045B027 /* Base */,
			);
			name = Main.storyboard;
			sourceTree = "<group>";
		};
		8A819F152715B04B0045B027 /* LaunchScreen.storyboard */ = {
			isa = PBXVariantGroup;
			children = (
				8A819F162715B04B0045B027 /* Base */,
			);
			name = LaunchScreen.storyboard;
			sourceTree = "<group>";
		};
/* End PBXVariantGroup section */

/* Begin XCBuildConfiguration section */
		8A819F2F2715B04B0045B027 /* Debug */ = {
			isa = XCBuildConfiguration;
			buildSettings = {
				ALWAYS_SEARCH_USER_PATHS = NO;
				CLANG_ANALYZER_NONNULL = YES;
				CLANG_ANALYZER_NUMBER_OBJECT_CONVERSION = YES_AGGRESSIVE;
				CLANG_CXX_LANGUAGE_STANDARD = "gnu++17";
				CLANG_CXX_LIBRARY = "libc++";
				CLANG_ENABLE_MODULES = YES;
				CLANG_ENABLE_OBJC_ARC = YES;
				CLANG_ENABLE_OBJC_WEAK = YES;
				CLANG_WARN_BLOCK_CAPTURE_AUTORELEASING = YES;
				CLANG_WARN_BOOL_CONVERSION = YES;
				CLANG_WARN_COMMA = YES;
				CLANG_WARN_CONSTANT_CONVERSION = YES;
				CLANG_WARN_DEPRECATED_OBJC_IMPLEMENTATIONS = YES;
				CLANG_WARN_DIRECT_OBJC_ISA_USAGE = YES_ERROR;
				CLANG_WARN_DOCUMENTATION_COMMENTS = YES;
				CLANG_WARN_EMPTY_BODY = YES;
				CLANG_WARN_ENUM_CONVERSION = YES;
				CLANG_WARN_INFINITE_RECURSION = YES;
				CLANG_WARN_INT_CONVERSION = YES;
				CLANG_WARN_NON_LITERAL_NULL_CONVERSION = YES;
				CLANG_WARN_OBJC_IMPLICIT_RETAIN_SELF = YES;
				CLANG_WARN_OBJC_LITERAL_CONVERSION = YES;
				CLANG_WARN_OBJC_ROOT_CLASS = YES_ERROR;
				CLANG_WARN_QUOTED_INCLUDE_IN_FRAMEWORK_HEADER = YES;
				CLANG_WARN_RANGE_LOOP_ANALYSIS = YES;
				CLANG_WARN_STRICT_PROTOTYPES = YES;
				CLANG_WARN_SUSPICIOUS_MOVE = YES;
				CLANG_WARN_UNGUARDED_AVAILABILITY = YES_AGGRESSIVE;
				CLANG_WARN_UNREACHABLE_CODE = YES;
				CLANG_WARN__DUPLICATE_METHOD_MATCH = YES;
				COPY_PHASE_STRIP = NO;
				DEBUG_INFORMATION_FORMAT = dwarf;
				ENABLE_STRICT_OBJC_MSGSEND = YES;
				ENABLE_TESTABILITY = YES;
				GCC_C_LANGUAGE_STANDARD = gnu11;
				GCC_DYNAMIC_NO_PIC = NO;
				GCC_NO_COMMON_BLOCKS = YES;
				GCC_OPTIMIZATION_LEVEL = 0;
				GCC_PREPROCESSOR_DEFINITIONS = (
					"DEBUG=1",
					"$(inherited)",
				);
				GCC_WARN_64_TO_32_BIT_CONVERSION = YES;
				GCC_WARN_ABOUT_RETURN_TYPE = YES_ERROR;
				GCC_WARN_UNDECLARED_SELECTOR = YES;
				GCC_WARN_UNINITIALIZED_AUTOS = YES_AGGRESSIVE;
				GCC_WARN_UNUSED_FUNCTION = YES;
				GCC_WARN_UNUSED_VARIABLE = YES;
				IPHONEOS_DEPLOYMENT_TARGET = 15.0;
				MTL_ENABLE_DEBUG_INFO = INCLUDE_SOURCE;
				MTL_FAST_MATH = YES;
				ONLY_ACTIVE_ARCH = YES;
				SDKROOT = iphoneos;
				SWIFT_ACTIVE_COMPILATION_CONDITIONS = DEBUG;
				SWIFT_OPTIMIZATION_LEVEL = "-Onone";
			};
			name = Debug;
		};
		8A819F302715B04B0045B027 /* Release */ = {
			isa = XCBuildConfiguration;
			buildSettings = {
				ALWAYS_SEARCH_USER_PATHS = NO;
				CLANG_ANALYZER_NONNULL = YES;
				CLANG_ANALYZER_NUMBER_OBJECT_CONVERSION = YES_AGGRESSIVE;
				CLANG_CXX_LANGUAGE_STANDARD = "gnu++17";
				CLANG_CXX_LIBRARY = "libc++";
				CLANG_ENABLE_MODULES = YES;
				CLANG_ENABLE_OBJC_ARC = YES;
				CLANG_ENABLE_OBJC_WEAK = YES;
				CLANG_WARN_BLOCK_CAPTURE_AUTORELEASING = YES;
				CLANG_WARN_BOOL_CONVERSION = YES;
				CLANG_WARN_COMMA = YES;
				CLANG_WARN_CONSTANT_CONVERSION = YES;
				CLANG_WARN_DEPRECATED_OBJC_IMPLEMENTATIONS = YES;
				CLANG_WARN_DIRECT_OBJC_ISA_USAGE = YES_ERROR;
				CLANG_WARN_DOCUMENTATION_COMMENTS = YES;
				CLANG_WARN_EMPTY_BODY = YES;
				CLANG_WARN_ENUM_CONVERSION = YES;
				CLANG_WARN_INFINITE_RECURSION = YES;
				CLANG_WARN_INT_CONVERSION = YES;
				CLANG_WARN_NON_LITERAL_NULL_CONVERSION = YES;
				CLANG_WARN_OBJC_IMPLICIT_RETAIN_SELF = YES;
				CLANG_WARN_OBJC_LITERAL_CONVERSION = YES;
				CLANG_WARN_OBJC_ROOT_CLASS = YES_ERROR;
				CLANG_WARN_QUOTED_INCLUDE_IN_FRAMEWORK_HEADER = YES;
				CLANG_WARN_RANGE_LOOP_ANALYSIS = YES;
				CLANG_WARN_STRICT_PROTOTYPES = YES;
				CLANG_WARN_SUSPICIOUS_MOVE = YES;
				CLANG_WARN_UNGUARDED_AVAILABILITY = YES_AGGRESSIVE;
				CLANG_WARN_UNREACHABLE_CODE = YES;
				CLANG_WARN__DUPLICATE_METHOD_MATCH = YES;
				COPY_PHASE_STRIP = NO;
				DEBUG_INFORMATION_FORMAT = "dwarf-with-dsym";
				ENABLE_NS_ASSERTIONS = NO;
				ENABLE_STRICT_OBJC_MSGSEND = YES;
				GCC_C_LANGUAGE_STANDARD = gnu11;
				GCC_NO_COMMON_BLOCKS = YES;
				GCC_WARN_64_TO_32_BIT_CONVERSION = YES;
				GCC_WARN_ABOUT_RETURN_TYPE = YES_ERROR;
				GCC_WARN_UNDECLARED_SELECTOR = YES;
				GCC_WARN_UNINITIALIZED_AUTOS = YES_AGGRESSIVE;
				GCC_WARN_UNUSED_FUNCTION = YES;
				GCC_WARN_UNUSED_VARIABLE = YES;
				IPHONEOS_DEPLOYMENT_TARGET = 15.0;
				MTL_ENABLE_DEBUG_INFO = NO;
				MTL_FAST_MATH = YES;
				SDKROOT = iphoneos;
				SWIFT_COMPILATION_MODE = wholemodule;
				SWIFT_OPTIMIZATION_LEVEL = "-O";
				VALIDATE_PRODUCT = YES;
			};
			name = Release;
		};
		8A819F322715B04B0045B027 /* Debug */ = {
			isa = XCBuildConfiguration;
			buildSettings = {
				ASSETCATALOG_COMPILER_APPICON_NAME = AppIcon;
				ASSETCATALOG_COMPILER_GLOBAL_ACCENT_COLOR_NAME = AccentColor;
				CODE_SIGN_STYLE = Automatic;
				CURRENT_PROJECT_VERSION = 1;
				DEVELOPMENT_TEAM = RXLRXXPFZ3;
				GENERATE_INFOPLIST_FILE = YES;
				INFOPLIST_FILE = SongLyrics/Info.plist;
				INFOPLIST_KEY_UIApplicationSupportsIndirectInputEvents = YES;
				INFOPLIST_KEY_UILaunchStoryboardName = LaunchScreen;
				INFOPLIST_KEY_UIMainStoryboardFile = Main;
				INFOPLIST_KEY_UISupportedInterfaceOrientations_iPad = "UIInterfaceOrientationPortrait UIInterfaceOrientationPortraitUpsideDown UIInterfaceOrientationLandscapeLeft UIInterfaceOrientationLandscapeRight";
				INFOPLIST_KEY_UISupportedInterfaceOrientations_iPhone = "UIInterfaceOrientationPortrait UIInterfaceOrientationLandscapeLeft UIInterfaceOrientationLandscapeRight";
				IPHONEOS_DEPLOYMENT_TARGET = 15.0;
				LD_RUNPATH_SEARCH_PATHS = (
					"$(inherited)",
					"@executable_path/Frameworks",
				);
				MARKETING_VERSION = 1.0;
				PRODUCT_BUNDLE_IDENTIFIER = KapitanZerg.SongLyrics;
				PRODUCT_NAME = "$(TARGET_NAME)";
				SWIFT_EMIT_LOC_STRINGS = YES;
				SWIFT_VERSION = 5.0;
				TARGETED_DEVICE_FAMILY = "1,2";
			};
			name = Debug;
		};
		8A819F332715B04B0045B027 /* Release */ = {
			isa = XCBuildConfiguration;
			buildSettings = {
				ASSETCATALOG_COMPILER_APPICON_NAME = AppIcon;
				ASSETCATALOG_COMPILER_GLOBAL_ACCENT_COLOR_NAME = AccentColor;
				CODE_SIGN_STYLE = Automatic;
				CURRENT_PROJECT_VERSION = 1;
				DEVELOPMENT_TEAM = RXLRXXPFZ3;
				GENERATE_INFOPLIST_FILE = YES;
				INFOPLIST_FILE = SongLyrics/Info.plist;
				INFOPLIST_KEY_UIApplicationSupportsIndirectInputEvents = YES;
				INFOPLIST_KEY_UILaunchStoryboardName = LaunchScreen;
				INFOPLIST_KEY_UIMainStoryboardFile = Main;
				INFOPLIST_KEY_UISupportedInterfaceOrientations_iPad = "UIInterfaceOrientationPortrait UIInterfaceOrientationPortraitUpsideDown UIInterfaceOrientationLandscapeLeft UIInterfaceOrientationLandscapeRight";
				INFOPLIST_KEY_UISupportedInterfaceOrientations_iPhone = "UIInterfaceOrientationPortrait UIInterfaceOrientationLandscapeLeft UIInterfaceOrientationLandscapeRight";
				IPHONEOS_DEPLOYMENT_TARGET = 15.0;
				LD_RUNPATH_SEARCH_PATHS = (
					"$(inherited)",
					"@executable_path/Frameworks",
				);
				MARKETING_VERSION = 1.0;
				PRODUCT_BUNDLE_IDENTIFIER = KapitanZerg.SongLyrics;
				PRODUCT_NAME = "$(TARGET_NAME)";
				SWIFT_EMIT_LOC_STRINGS = YES;
				SWIFT_VERSION = 5.0;
				TARGETED_DEVICE_FAMILY = "1,2";
			};
			name = Release;
		};
		8A819F352715B04B0045B027 /* Debug */ = {
			isa = XCBuildConfiguration;
			buildSettings = {
				ALWAYS_EMBED_SWIFT_STANDARD_LIBRARIES = YES;
				BUNDLE_LOADER = "$(TEST_HOST)";
				CODE_SIGN_STYLE = Automatic;
				CURRENT_PROJECT_VERSION = 1;
				DEVELOPMENT_TEAM = RXLRXXPFZ3;
				GENERATE_INFOPLIST_FILE = YES;
				IPHONEOS_DEPLOYMENT_TARGET = 15.0;
				LD_RUNPATH_SEARCH_PATHS = (
					"$(inherited)",
					"@executable_path/Frameworks",
					"@loader_path/Frameworks",
				);
				MARKETING_VERSION = 1.0;
				PRODUCT_BUNDLE_IDENTIFIER = KapitanZerg.SongLyricsTests;
				PRODUCT_NAME = "$(TARGET_NAME)";
				SWIFT_EMIT_LOC_STRINGS = NO;
				SWIFT_VERSION = 5.0;
				TARGETED_DEVICE_FAMILY = "1,2";
				TEST_HOST = "$(BUILT_PRODUCTS_DIR)/SongLyrics.app/SongLyrics";
			};
			name = Debug;
		};
		8A819F362715B04B0045B027 /* Release */ = {
			isa = XCBuildConfiguration;
			buildSettings = {
				ALWAYS_EMBED_SWIFT_STANDARD_LIBRARIES = YES;
				BUNDLE_LOADER = "$(TEST_HOST)";
				CODE_SIGN_STYLE = Automatic;
				CURRENT_PROJECT_VERSION = 1;
				DEVELOPMENT_TEAM = RXLRXXPFZ3;
				GENERATE_INFOPLIST_FILE = YES;
				IPHONEOS_DEPLOYMENT_TARGET = 15.0;
				LD_RUNPATH_SEARCH_PATHS = (
					"$(inherited)",
					"@executable_path/Frameworks",
					"@loader_path/Frameworks",
				);
				MARKETING_VERSION = 1.0;
				PRODUCT_BUNDLE_IDENTIFIER = KapitanZerg.SongLyricsTests;
				PRODUCT_NAME = "$(TARGET_NAME)";
				SWIFT_EMIT_LOC_STRINGS = NO;
				SWIFT_VERSION = 5.0;
				TARGETED_DEVICE_FAMILY = "1,2";
				TEST_HOST = "$(BUILT_PRODUCTS_DIR)/SongLyrics.app/SongLyrics";
			};
			name = Release;
		};
		8A819F382715B04B0045B027 /* Debug */ = {
			isa = XCBuildConfiguration;
			buildSettings = {
				ALWAYS_EMBED_SWIFT_STANDARD_LIBRARIES = YES;
				CODE_SIGN_STYLE = Automatic;
				CURRENT_PROJECT_VERSION = 1;
				DEVELOPMENT_TEAM = RXLRXXPFZ3;
				GENERATE_INFOPLIST_FILE = YES;
				LD_RUNPATH_SEARCH_PATHS = (
					"$(inherited)",
					"@executable_path/Frameworks",
					"@loader_path/Frameworks",
				);
				MARKETING_VERSION = 1.0;
				PRODUCT_BUNDLE_IDENTIFIER = KapitanZerg.SongLyricsUITests;
				PRODUCT_NAME = "$(TARGET_NAME)";
				SWIFT_EMIT_LOC_STRINGS = NO;
				SWIFT_VERSION = 5.0;
				TARGETED_DEVICE_FAMILY = "1,2";
				TEST_TARGET_NAME = SongLyrics;
			};
			name = Debug;
		};
		8A819F392715B04B0045B027 /* Release */ = {
			isa = XCBuildConfiguration;
			buildSettings = {
				ALWAYS_EMBED_SWIFT_STANDARD_LIBRARIES = YES;
				CODE_SIGN_STYLE = Automatic;
				CURRENT_PROJECT_VERSION = 1;
				DEVELOPMENT_TEAM = RXLRXXPFZ3;
				GENERATE_INFOPLIST_FILE = YES;
				LD_RUNPATH_SEARCH_PATHS = (
					"$(inherited)",
					"@executable_path/Frameworks",
					"@loader_path/Frameworks",
				);
				MARKETING_VERSION = 1.0;
				PRODUCT_BUNDLE_IDENTIFIER = KapitanZerg.SongLyricsUITests;
				PRODUCT_NAME = "$(TARGET_NAME)";
				SWIFT_EMIT_LOC_STRINGS = NO;
				SWIFT_VERSION = 5.0;
				TARGETED_DEVICE_FAMILY = "1,2";
				TEST_TARGET_NAME = SongLyrics;
			};
			name = Release;
		};
/* End XCBuildConfiguration section */

/* Begin XCConfigurationList section */
		8A819F022715B04A0045B027 /* Build configuration list for PBXProject "SongLyrics" */ = {
			isa = XCConfigurationList;
			buildConfigurations = (
				8A819F2F2715B04B0045B027 /* Debug */,
				8A819F302715B04B0045B027 /* Release */,
			);
			defaultConfigurationIsVisible = 0;
			defaultConfigurationName = Release;
		};
		8A819F312715B04B0045B027 /* Build configuration list for PBXNativeTarget "SongLyrics" */ = {
			isa = XCConfigurationList;
			buildConfigurations = (
				8A819F322715B04B0045B027 /* Debug */,
				8A819F332715B04B0045B027 /* Release */,
			);
			defaultConfigurationIsVisible = 0;
			defaultConfigurationName = Release;
		};
		8A819F342715B04B0045B027 /* Build configuration list for PBXNativeTarget "SongLyricsTests" */ = {
			isa = XCConfigurationList;
			buildConfigurations = (
				8A819F352715B04B0045B027 /* Debug */,
				8A819F362715B04B0045B027 /* Release */,
			);
			defaultConfigurationIsVisible = 0;
			defaultConfigurationName = Release;
		};
		8A819F372715B04B0045B027 /* Build configuration list for PBXNativeTarget "SongLyricsUITests" */ = {
			isa = XCConfigurationList;
			buildConfigurations = (
				8A819F382715B04B0045B027 /* Debug */,
				8A819F392715B04B0045B027 /* Release */,
			);
			defaultConfigurationIsVisible = 0;
			defaultConfigurationName = Release;
		};
/* End XCConfigurationList section */
	};
	rootObject = 8A819EFF2715B04A0045B027 /* Project object */;
}
